
Microsoft Visual Studio Solution File, Format Version 11.00
# Visual Studio 2010
Project("{FAE04EC0-301F-11D3-BF4B-00C04F79EFBC}") = "SchemaObjectMapper", "SchemaObjectMapper\SchemaObjectMapper.csproj", "{01BDD217-A825-4329-A745-2468649998A0}"
EndProject
Project("{FAE04EC0-301F-11D3-BF4B-00C04F79EFBC}") = "SchemaObjectMapper.Tests", "SchemaObjectMapper.Tests\SchemaObjectMapper.Tests.csproj", "{04873673-8A78-4C11-8629-E7A38F9CE270}"
EndProject
Global
	GlobalSection(SolutionConfigurationPlatforms) = preSolution
		Debug|Any CPU = Debug|Any CPU
		Debug|Mixed Platforms = Debug|Mixed Platforms
		Debug|x86 = Debug|x86
		Release|Any CPU = Release|Any CPU
		Release|Mixed Platforms = Release|Mixed Platforms
		Release|x86 = Release|x86
	EndGlobalSection
	GlobalSection(ProjectConfigurationPlatforms) = postSolution
		{01BDD217-A825-4329-A745-2468649998A0}.Debug|Any CPU.ActiveCfg = Debug|x86
		{01BDD217-A825-4329-A745-2468649998A0}.Debug|Mixed Platforms.ActiveCfg = Debug|x86
		{01BDD217-A825-4329-A745-2468649998A0}.Debug|Mixed Platforms.Build.0 = Debug|x86
		{01BDD217-A825-4329-A745-2468649998A0}.Debug|x86.ActiveCfg = Debug|x86
		{01BDD217-A825-4329-A745-2468649998A0}.Debug|x86.Build.0 = Debug|x86
		{01BDD217-A825-4329-A745-2468649998A0}.Release|Any CPU.ActiveCfg = Release|x86
		{01BDD217-A825-4329-A745-2468649998A0}.Release|Mixed Platforms.ActiveCfg = Release|x86
		{01BDD217-A825-4329-A745-2468649998A0}.Release|Mixed Platforms.Build.0 = Release|x86
		{01BDD217-A825-4329-A745-2468649998A0}.Release|x86.ActiveCfg = Release|x86
		{01BDD217-A825-4329-A745-2468649998A0}.Release|x86.Build.0 = Release|x86
		{04873673-8A78-4C11-8629-E7A38F9CE270}.Debug|Any CPU.ActiveCfg = Debug|Any CPU
		{04873673-8A78-4C11-8629-E7A38F9CE270}.Debug|Any CPU.Build.0 = Debug|Any CPU
		{04873673-8A78-4C11-8629-E7A38F9CE270}.Debug|Mixed Platforms.ActiveCfg = Debug|Any CPU
		{04873673-8A78-4C11-8629-E7A38F9CE270}.Debug|Mixed Platforms.Build.0 = Debug|Any CPU
		{04873673-8A78-4C11-8629-E7A38F9CE270}.Debug|x86.ActiveCfg = Debug|Any CPU
		{04873673-8A78-4C11-8629-E7A38F9CE270}.Release|Any CPU.ActiveCfg = Release|Any CPU
		{04873673-8A78-4C11-8629-E7A38F9CE270}.Release|Any CPU.Build.0 = Release|Any CPU
		{04873673-8A78-4C11-8629-E7A38F9CE270}.Release|Mixed Platforms.ActiveCfg = Release|Any CPU
		{04873673-8A78-4C11-8629-E7A38F9CE270}.Release|Mixed Platforms.Build.0 = Release|Any CPU
		{04873673-8A78-4C11-8629-E7A38F9CE270}.Release|x86.ActiveCfg = Release|Any CPU
	EndGlobalSection
	GlobalSection(SolutionProperties) = preSolution
		HideSolutionNode = FALSE
	EndGlobalSection
EndGlobal
